
Microsoft Visual Studio Solution File, Format Version 12.00
# Visual Studio Version 17
VisualStudioVersion = 17.0.31903.59
MinimumVisualStudioVersion = 10.0.40219.1
Project("{2150E333-8FDC-42A3-9474-1A3956D46DE8}") = "Source", "Source", "{D6D0AEE7-FF19-48DD-A331-EB443A73F61F}"
EndProject
Project("{2150E333-8FDC-42A3-9474-1A3956D46DE8}") = "Tests", "Tests", "{8321EF10-91C1-433E-A020-6B60DEA24752}"
EndProject
Project("{FAE04EC0-301F-11D3-BF4B-00C04F79EFBC}") = "Voycar.Api.Web", "Voycar.Api.Web\Voycar.Api.Web.csproj", "{2D514EF0-A8AF-4BD4-817B-8F2D9A499151}"
EndProject
Project("{FAE04EC0-301F-11D3-BF4B-00C04F79EFBC}") = "Voycar.Api.Web.Tests", "Voycar.Api.Web.Tests\Voycar.Api.Web.Tests.csproj", "{BF92D12A-AA47-4FA5-B204-38688EA4CB0B}"
EndProject
Project("{FAE04EC0-301F-11D3-BF4B-00C04F79EFBC}") = "Voycar.Api.Common", "Voycar.Api.Common\Voycar.Api.Common.csproj", "{4AF13FBD-5285-4921-AA46-0B89BC6F71A8}"
EndProject
Global
	GlobalSection(SolutionConfigurationPlatforms) = preSolution
		Debug|Any CPU = Debug|Any CPU
		Release|Any CPU = Release|Any CPU
	EndGlobalSection
	GlobalSection(SolutionProperties) = preSolution
		HideSolutionNode = FALSE
	EndGlobalSection
	GlobalSection(NestedProjects) = preSolution
		{2D514EF0-A8AF-4BD4-817B-8F2D9A499151} = {D6D0AEE7-FF19-48DD-A331-EB443A73F61F}
		{BF92D12A-AA47-4FA5-B204-38688EA4CB0B} = {8321EF10-91C1-433E-A020-6B60DEA24752}
		{4AF13FBD-5285-4921-AA46-0B89BC6F71A8} = {D6D0AEE7-FF19-48DD-A331-EB443A73F61F}
	EndGlobalSection
	GlobalSection(ProjectConfigurationPlatforms) = postSolution
		{2D514EF0-A8AF-4BD4-817B-8F2D9A499151}.Debug|Any CPU.ActiveCfg = Debug|Any CPU
		{2D514EF0-A8AF-4BD4-817B-8F2D9A499151}.Debug|Any CPU.Build.0 = Debug|Any CPU
		{2D514EF0-A8AF-4BD4-817B-8F2D9A499151}.Release|Any CPU.ActiveCfg = Release|Any CPU
		{2D514EF0-A8AF-4BD4-817B-8F2D9A499151}.Release|Any CPU.Build.0 = Release|Any CPU
		{BF92D12A-AA47-4FA5-B204-38688EA4CB0B}.Debug|Any CPU.ActiveCfg = Debug|Any CPU
		{BF92D12A-AA47-4FA5-B204-38688EA4CB0B}.Debug|Any CPU.Build.0 = Debug|Any CPU
		{BF92D12A-AA47-4FA5-B204-38688EA4CB0B}.Release|Any CPU.ActiveCfg = Release|Any CPU
		{BF92D12A-AA47-4FA5-B204-38688EA4CB0B}.Release|Any CPU.Build.0 = Release|Any CPU
		{4AF13FBD-5285-4921-AA46-0B89BC6F71A8}.Debug|Any CPU.ActiveCfg = Debug|Any CPU
		{4AF13FBD-5285-4921-AA46-0B89BC6F71A8}.Debug|Any CPU.Build.0 = Debug|Any CPU
		{4AF13FBD-5285-4921-AA46-0B89BC6F71A8}.Release|Any CPU.ActiveCfg = Release|Any CPU
		{4AF13FBD-5285-4921-AA46-0B89BC6F71A8}.Release|Any CPU.Build.0 = Release|Any CPU
	EndGlobalSection
EndGlobal
